
Microsoft Visual Studio Solution File, Format Version 12.00
# Visual Studio 15
VisualStudioVersion = 15.0.27130.2010
MinimumVisualStudioVersion = 10.0.40219.1
Project("{9A19103F-16F7-4668-BE54-9A1E7A4F7556}") = "HelloWorldApi", "HelloWorldApi\HelloWorldApi.csproj", "{031D0B19-41CE-4E83-9439-9DB6764D4E04}"
EndProject
Project("{9A19103F-16F7-4668-BE54-9A1E7A4F7556}") = "HelloWorldApi.Tests", "HelloWorldApi.Tests\HelloWorldApi.Tests.csproj", "{DC0B4779-2A12-49F0-8991-329C5AB2D480}"
EndProject
Project("{FAE04EC0-301F-11D3-BF4B-00C04F79EFBC}") = "HelloWorldClient", "HelloWorldClient\HelloWorldClient.csproj", "{5D82001A-5FD8-493B-AF55-6D907C0703E2}"
EndProject
Global
	GlobalSection(SolutionConfigurationPlatforms) = preSolution
		Debug|Any CPU = Debug|Any CPU
		Release|Any CPU = Release|Any CPU
	EndGlobalSection
	GlobalSection(ProjectConfigurationPlatforms) = postSolution
		{031D0B19-41CE-4E83-9439-9DB6764D4E04}.Debug|Any CPU.ActiveCfg = Debug|Any CPU
		{031D0B19-41CE-4E83-9439-9DB6764D4E04}.Debug|Any CPU.Build.0 = Debug|Any CPU
		{031D0B19-41CE-4E83-9439-9DB6764D4E04}.Release|Any CPU.ActiveCfg = Release|Any CPU
		{031D0B19-41CE-4E83-9439-9DB6764D4E04}.Release|Any CPU.Build.0 = Release|Any CPU
		{DC0B4779-2A12-49F0-8991-329C5AB2D480}.Debug|Any CPU.ActiveCfg = Debug|Any CPU
		{DC0B4779-2A12-49F0-8991-329C5AB2D480}.Debug|Any CPU.Build.0 = Debug|Any CPU
		{DC0B4779-2A12-49F0-8991-329C5AB2D480}.Release|Any CPU.ActiveCfg = Release|Any CPU
		{DC0B4779-2A12-49F0-8991-329C5AB2D480}.Release|Any CPU.Build.0 = Release|Any CPU
		{5D82001A-5FD8-493B-AF55-6D907C0703E2}.Debug|Any CPU.ActiveCfg = Debug|Any CPU
		{5D82001A-5FD8-493B-AF55-6D907C0703E2}.Debug|Any CPU.Build.0 = Debug|Any CPU
		{5D82001A-5FD8-493B-AF55-6D907C0703E2}.Release|Any CPU.ActiveCfg = Release|Any CPU
		{5D82001A-5FD8-493B-AF55-6D907C0703E2}.Release|Any CPU.Build.0 = Release|Any CPU
	EndGlobalSection
	GlobalSection(SolutionProperties) = preSolution
		HideSolutionNode = FALSE
	EndGlobalSection
	GlobalSection(ExtensibilityGlobals) = postSolution
		SolutionGuid = {B9B5A8CF-2105-4B63-8089-95D19E9EA9EC}
	EndGlobalSection
EndGlobal
